
Microsoft Visual Studio Solution File, Format Version 12.00
Project("{FAE04EC0-301F-11D3-BF4B-00C04F79EFBC}") = "EnglishVkBot.Abstractions", "EnglishVkBot.Abstractions\EnglishVkBot.Abstractions.csproj", "{EF74903A-61AF-42B4-895D-C02FC49921A2}"
EndProject
Project("{FAE04EC0-301F-11D3-BF4B-00C04F79EFBC}") = "EnglishVkBot.Translator", "EnglishVkBot.Translator\EnglishVkBot.Translator.csproj", "{52390EE1-F248-423C-B031-95F8095E0F40}"
EndProject
Project("{FAE04EC0-301F-11D3-BF4B-00C04F79EFBC}") = "Test", "Test\Test.csproj", "{E207FFED-E803-48A3-A22F-2615D4FB51B3}"
EndProject
Project("{FAE04EC0-301F-11D3-BF4B-00C04F79EFBC}") = "EnglishVkBot.API", "EnglishVkBot.API\EnglishVkBot.API.csproj", "{B5040DD2-FF89-4332-97A6-651C11D7222F}"
EndProject
Global
	GlobalSection(SolutionConfigurationPlatforms) = preSolution
		Debug|Any CPU = Debug|Any CPU
		Release|Any CPU = Release|Any CPU
	EndGlobalSection
	GlobalSection(ProjectConfigurationPlatforms) = postSolution
		{EF74903A-61AF-42B4-895D-C02FC49921A2}.Debug|Any CPU.ActiveCfg = Debug|Any CPU
		{EF74903A-61AF-42B4-895D-C02FC49921A2}.Debug|Any CPU.Build.0 = Debug|Any CPU
		{EF74903A-61AF-42B4-895D-C02FC49921A2}.Release|Any CPU.ActiveCfg = Release|Any CPU
		{EF74903A-61AF-42B4-895D-C02FC49921A2}.Release|Any CPU.Build.0 = Release|Any CPU
		{52390EE1-F248-423C-B031-95F8095E0F40}.Debug|Any CPU.ActiveCfg = Debug|Any CPU
		{52390EE1-F248-423C-B031-95F8095E0F40}.Debug|Any CPU.Build.0 = Debug|Any CPU
		{52390EE1-F248-423C-B031-95F8095E0F40}.Release|Any CPU.ActiveCfg = Release|Any CPU
		{52390EE1-F248-423C-B031-95F8095E0F40}.Release|Any CPU.Build.0 = Release|Any CPU
		{E207FFED-E803-48A3-A22F-2615D4FB51B3}.Debug|Any CPU.ActiveCfg = Debug|Any CPU
		{E207FFED-E803-48A3-A22F-2615D4FB51B3}.Debug|Any CPU.Build.0 = Debug|Any CPU
		{E207FFED-E803-48A3-A22F-2615D4FB51B3}.Release|Any CPU.ActiveCfg = Release|Any CPU
		{E207FFED-E803-48A3-A22F-2615D4FB51B3}.Release|Any CPU.Build.0 = Release|Any CPU
		{B5040DD2-FF89-4332-97A6-651C11D7222F}.Debug|Any CPU.ActiveCfg = Debug|Any CPU
		{B5040DD2-FF89-4332-97A6-651C11D7222F}.Debug|Any CPU.Build.0 = Debug|Any CPU
		{B5040DD2-FF89-4332-97A6-651C11D7222F}.Release|Any CPU.ActiveCfg = Release|Any CPU
		{B5040DD2-FF89-4332-97A6-651C11D7222F}.Release|Any CPU.Build.0 = Release|Any CPU
	EndGlobalSection
EndGlobal
